
Microsoft Visual Studio Solution File, Format Version 12.00
# Visual Studio Version 16
VisualStudioVersion = 16.0.30621.155
MinimumVisualStudioVersion = 10.0.40219.1
Project("{FAE04EC0-301F-11D3-BF4B-00C04F79EFBC}") = "IceCreamManage", "IceCreamManage\IceCreamManage.csproj", "{928CDD64-4447-45CB-9E1F-A5242B492D2B}"
EndProject
Global
	GlobalSection(SolutionConfigurationPlatforms) = preSolution
		Debug|Any CPU = Debug|Any CPU
		Release|Any CPU = Release|Any CPU
	EndGlobalSection
	GlobalSection(ProjectConfigurationPlatforms) = postSolution
		{928CDD64-4447-45CB-9E1F-A5242B492D2B}.Debug|Any CPU.ActiveCfg = Debug|Any CPU
		{928CDD64-4447-45CB-9E1F-A5242B492D2B}.Debug|Any CPU.Build.0 = Debug|Any CPU
		{928CDD64-4447-45CB-9E1F-A5242B492D2B}.Release|Any CPU.ActiveCfg = Release|Any CPU
		{928CDD64-4447-45CB-9E1F-A5242B492D2B}.Release|Any CPU.Build.0 = Release|Any CPU
	EndGlobalSection
	GlobalSection(SolutionProperties) = preSolution
		HideSolutionNode = FALSE
	EndGlobalSection
	GlobalSection(ExtensibilityGlobals) = postSolution
		SolutionGuid = {0F25E18C-EED0-4EB4-A7AF-8C817576F63F}
	EndGlobalSection
EndGlobal
